
Microsoft Visual Studio Solution File, Format Version 12.00
# Visual Studio Version 17
VisualStudioVersion = 17.5.002.0
MinimumVisualStudioVersion = 10.0.40219.1
Project("{2150E333-8FDC-42A3-9474-1A3956D46DE8}") = "Labfiles", "Labfiles", "{40E0767F-529F-423D-A1E7-A5B2683D1CB1}"
EndProject
Project("{2150E333-8FDC-42A3-9474-1A3956D46DE8}") = "01-analyze-text", "01-analyze-text", "{BAA49278-77E0-42E3-97C3-85311779B947}"
EndProject
Project("{2150E333-8FDC-42A3-9474-1A3956D46DE8}") = "C-Sharp", "C-Sharp", "{4F61DF20-04B1-4E35-B4C9-7A0EA5E6BA74}"
EndProject
Project("{9A19103F-16F7-4668-BE54-9A1E7A4F7556}") = "text-analysis", "Labfiles\01-analyze-text\C-Sharp\text-analysis\text-analysis.csproj", "{83BAA3D9-4C82-44E0-9BD6-C388063EDAE9}"
EndProject
Project("{2150E333-8FDC-42A3-9474-1A3956D46DE8}") = "02-qna", "02-qna", "{D36AF2BF-0784-4727-9501-D7384FD9DA19}"
EndProject
Project("{2150E333-8FDC-42A3-9474-1A3956D46DE8}") = "C-Sharp", "C-Sharp", "{4A9FA031-6384-4D5F-B2EA-13B723AE50BA}"
EndProject
Project("{9A19103F-16F7-4668-BE54-9A1E7A4F7556}") = "qna-app", "Labfiles\02-qna\C-Sharp\qna-app\qna-app.csproj", "{C42D3BD5-2403-41BA-8A9A-0E12CBFEF6E6}"
EndProject
Project("{2150E333-8FDC-42A3-9474-1A3956D46DE8}") = "03-language", "03-language", "{0D26EB16-FB15-411D-96BE-D2C91761AA5F}"
EndProject
Project("{2150E333-8FDC-42A3-9474-1A3956D46DE8}") = "C-Sharp", "C-Sharp", "{C52D9A1B-FFC5-4814-A1B4-AAE84240C89A}"
EndProject
Project("{9A19103F-16F7-4668-BE54-9A1E7A4F7556}") = "clock_client", "Labfiles\03-language\C-Sharp\clock-client\clock_client.csproj", "{233A90C3-AC08-4D5A-8ED8-A065C1DF1DB3}"
EndProject
Project("{2150E333-8FDC-42A3-9474-1A3956D46DE8}") = "04-text-classification", "04-text-classification", "{092F9DAB-560C-409F-8098-B14226956D17}"
EndProject
Project("{2150E333-8FDC-42A3-9474-1A3956D46DE8}") = "C-Sharp", "C-Sharp", "{14F66D56-7A05-4B4B-8A1B-047BFC8B4B3E}"
EndProject
Project("{9A19103F-16F7-4668-BE54-9A1E7A4F7556}") = "classify-text", "Labfiles\04-text-classification\C-Sharp\classify-text\classify-text.csproj", "{61DBD64F-A880-4058-AC66-C7757C637A59}"
EndProject
Project("{2150E333-8FDC-42A3-9474-1A3956D46DE8}") = "05-custom-entity-recognition", "05-custom-entity-recognition", "{BCDD5B3D-1EB7-42E8-A3CE-6CA04902245B}"
EndProject
Project("{2150E333-8FDC-42A3-9474-1A3956D46DE8}") = "C-Sharp", "C-Sharp", "{3E2F368E-0027-4CDF-95FF-5DEB9ED3C829}"
EndProject
Project("{9A19103F-16F7-4668-BE54-9A1E7A4F7556}") = "custom-entities", "Labfiles\05-custom-entity-recognition\C-Sharp\custom-entities\custom-entities.csproj", "{7AE88964-087D-4830-AC17-B81D64F6F6E9}"
EndProject
Project("{2150E333-8FDC-42A3-9474-1A3956D46DE8}") = "06-translate-text", "06-translate-text", "{9D595C93-C13A-47C1-81A6-D6A01B25340B}"
EndProject
Project("{2150E333-8FDC-42A3-9474-1A3956D46DE8}") = "C-Sharp", "C-Sharp", "{5F75D651-B1B5-4CB1-BCFE-9867170564AC}"
EndProject
Project("{9A19103F-16F7-4668-BE54-9A1E7A4F7556}") = "translate_text", "Labfiles\06-translate-text\C-Sharp\text-translation\translate_text.csproj", "{0C5D3D84-0A52-45BA-91B0-177F2C5B7052}"
EndProject
Project("{2150E333-8FDC-42A3-9474-1A3956D46DE8}") = "06b-translator-sdk", "06b-translator-sdk", "{BA72731C-E068-41B5-B64E-BB157FA383CC}"
EndProject
Project("{2150E333-8FDC-42A3-9474-1A3956D46DE8}") = "C-Sharp", "C-Sharp", "{2C4ECF55-4922-4447-A30C-7D615C08576B}"
EndProject
Project("{9A19103F-16F7-4668-BE54-9A1E7A4F7556}") = "translate_text", "Labfiles\06b-translator-sdk\C-Sharp\translate-text\translate_text.csproj", "{89A92438-ADE7-4407-83CB-3C1FD3EBFC22}"
EndProject
Project("{2150E333-8FDC-42A3-9474-1A3956D46DE8}") = "07-speech", "07-speech", "{39EED87F-309A-40FC-8978-E891346089E8}"
EndProject
Project("{2150E333-8FDC-42A3-9474-1A3956D46DE8}") = "C-Sharp", "C-Sharp", "{33FD46A1-049B-4AEB-A75B-26AECD2479F3}"
EndProject
Project("{9A19103F-16F7-4668-BE54-9A1E7A4F7556}") = "speaking-clock", "Labfiles\07-speech\C-Sharp\speaking-clock\speaking-clock.csproj", "{0C5001A7-295E-430C-991F-260CFB63F993}"
EndProject
Project("{2150E333-8FDC-42A3-9474-1A3956D46DE8}") = "08-speech-translation", "08-speech-translation", "{C2FFC757-A128-4B35-9E11-DFA808A8764C}"
EndProject
Project("{2150E333-8FDC-42A3-9474-1A3956D46DE8}") = "C-Sharp", "C-Sharp", "{1DA3CCDD-DE40-48F0-B4D6-16165ABA8DE0}"
EndProject
Project("{9A19103F-16F7-4668-BE54-9A1E7A4F7556}") = "translator", "Labfiles\08-speech-translation\C-Sharp\translator\translator.csproj", "{56EB75C1-140E-4940-A988-0DCD30271DD8}"
EndProject
Global
	GlobalSection(SolutionConfigurationPlatforms) = preSolution
		Debug|Any CPU = Debug|Any CPU
		Release|Any CPU = Release|Any CPU
	EndGlobalSection
	GlobalSection(ProjectConfigurationPlatforms) = postSolution
		{83BAA3D9-4C82-44E0-9BD6-C388063EDAE9}.Debug|Any CPU.ActiveCfg = Debug|Any CPU
		{83BAA3D9-4C82-44E0-9BD6-C388063EDAE9}.Debug|Any CPU.Build.0 = Debug|Any CPU
		{83BAA3D9-4C82-44E0-9BD6-C388063EDAE9}.Release|Any CPU.ActiveCfg = Release|Any CPU
		{83BAA3D9-4C82-44E0-9BD6-C388063EDAE9}.Release|Any CPU.Build.0 = Release|Any CPU
		{C42D3BD5-2403-41BA-8A9A-0E12CBFEF6E6}.Debug|Any CPU.ActiveCfg = Debug|Any CPU
		{C42D3BD5-2403-41BA-8A9A-0E12CBFEF6E6}.Debug|Any CPU.Build.0 = Debug|Any CPU
		{C42D3BD5-2403-41BA-8A9A-0E12CBFEF6E6}.Release|Any CPU.ActiveCfg = Release|Any CPU
		{C42D3BD5-2403-41BA-8A9A-0E12CBFEF6E6}.Release|Any CPU.Build.0 = Release|Any CPU
		{233A90C3-AC08-4D5A-8ED8-A065C1DF1DB3}.Debug|Any CPU.ActiveCfg = Debug|Any CPU
		{233A90C3-AC08-4D5A-8ED8-A065C1DF1DB3}.Debug|Any CPU.Build.0 = Debug|Any CPU
		{233A90C3-AC08-4D5A-8ED8-A065C1DF1DB3}.Release|Any CPU.ActiveCfg = Release|Any CPU
		{233A90C3-AC08-4D5A-8ED8-A065C1DF1DB3}.Release|Any CPU.Build.0 = Release|Any CPU
		{61DBD64F-A880-4058-AC66-C7757C637A59}.Debug|Any CPU.ActiveCfg = Debug|Any CPU
		{61DBD64F-A880-4058-AC66-C7757C637A59}.Debug|Any CPU.Build.0 = Debug|Any CPU
		{61DBD64F-A880-4058-AC66-C7757C637A59}.Release|Any CPU.ActiveCfg = Release|Any CPU
		{61DBD64F-A880-4058-AC66-C7757C637A59}.Release|Any CPU.Build.0 = Release|Any CPU
		{7AE88964-087D-4830-AC17-B81D64F6F6E9}.Debug|Any CPU.ActiveCfg = Debug|Any CPU
		{7AE88964-087D-4830-AC17-B81D64F6F6E9}.Debug|Any CPU.Build.0 = Debug|Any CPU
		{7AE88964-087D-4830-AC17-B81D64F6F6E9}.Release|Any CPU.ActiveCfg = Release|Any CPU
		{7AE88964-087D-4830-AC17-B81D64F6F6E9}.Release|Any CPU.Build.0 = Release|Any CPU
		{0C5D3D84-0A52-45BA-91B0-177F2C5B7052}.Debug|Any CPU.ActiveCfg = Debug|Any CPU
		{0C5D3D84-0A52-45BA-91B0-177F2C5B7052}.Debug|Any CPU.Build.0 = Debug|Any CPU
		{0C5D3D84-0A52-45BA-91B0-177F2C5B7052}.Release|Any CPU.ActiveCfg = Release|Any CPU
		{0C5D3D84-0A52-45BA-91B0-177F2C5B7052}.Release|Any CPU.Build.0 = Release|Any CPU
		{89A92438-ADE7-4407-83CB-3C1FD3EBFC22}.Debug|Any CPU.ActiveCfg = Debug|Any CPU
		{89A92438-ADE7-4407-83CB-3C1FD3EBFC22}.Debug|Any CPU.Build.0 = Debug|Any CPU
		{89A92438-ADE7-4407-83CB-3C1FD3EBFC22}.Release|Any CPU.ActiveCfg = Release|Any CPU
		{89A92438-ADE7-4407-83CB-3C1FD3EBFC22}.Release|Any CPU.Build.0 = Release|Any CPU
		{0C5001A7-295E-430C-991F-260CFB63F993}.Debug|Any CPU.ActiveCfg = Debug|Any CPU
		{0C5001A7-295E-430C-991F-260CFB63F993}.Debug|Any CPU.Build.0 = Debug|Any CPU
		{0C5001A7-295E-430C-991F-260CFB63F993}.Release|Any CPU.ActiveCfg = Release|Any CPU
		{0C5001A7-295E-430C-991F-260CFB63F993}.Release|Any CPU.Build.0 = Release|Any CPU
		{56EB75C1-140E-4940-A988-0DCD30271DD8}.Debug|Any CPU.ActiveCfg = Debug|Any CPU
		{56EB75C1-140E-4940-A988-0DCD30271DD8}.Debug|Any CPU.Build.0 = Debug|Any CPU
		{56EB75C1-140E-4940-A988-0DCD30271DD8}.Release|Any CPU.ActiveCfg = Release|Any CPU
		{56EB75C1-140E-4940-A988-0DCD30271DD8}.Release|Any CPU.Build.0 = Release|Any CPU
	EndGlobalSection
	GlobalSection(SolutionProperties) = preSolution
		HideSolutionNode = FALSE
	EndGlobalSection
	GlobalSection(NestedProjects) = preSolution
		{BAA49278-77E0-42E3-97C3-85311779B947} = {40E0767F-529F-423D-A1E7-A5B2683D1CB1}
		{4F61DF20-04B1-4E35-B4C9-7A0EA5E6BA74} = {BAA49278-77E0-42E3-97C3-85311779B947}
		{83BAA3D9-4C82-44E0-9BD6-C388063EDAE9} = {4F61DF20-04B1-4E35-B4C9-7A0EA5E6BA74}
		{D36AF2BF-0784-4727-9501-D7384FD9DA19} = {40E0767F-529F-423D-A1E7-A5B2683D1CB1}
		{4A9FA031-6384-4D5F-B2EA-13B723AE50BA} = {D36AF2BF-0784-4727-9501-D7384FD9DA19}
		{C42D3BD5-2403-41BA-8A9A-0E12CBFEF6E6} = {4A9FA031-6384-4D5F-B2EA-13B723AE50BA}
		{0D26EB16-FB15-411D-96BE-D2C91761AA5F} = {40E0767F-529F-423D-A1E7-A5B2683D1CB1}
		{C52D9A1B-FFC5-4814-A1B4-AAE84240C89A} = {0D26EB16-FB15-411D-96BE-D2C91761AA5F}
		{233A90C3-AC08-4D5A-8ED8-A065C1DF1DB3} = {C52D9A1B-FFC5-4814-A1B4-AAE84240C89A}
		{092F9DAB-560C-409F-8098-B14226956D17} = {40E0767F-529F-423D-A1E7-A5B2683D1CB1}
		{14F66D56-7A05-4B4B-8A1B-047BFC8B4B3E} = {092F9DAB-560C-409F-8098-B14226956D17}
		{61DBD64F-A880-4058-AC66-C7757C637A59} = {14F66D56-7A05-4B4B-8A1B-047BFC8B4B3E}
		{BCDD5B3D-1EB7-42E8-A3CE-6CA04902245B} = {40E0767F-529F-423D-A1E7-A5B2683D1CB1}
		{3E2F368E-0027-4CDF-95FF-5DEB9ED3C829} = {BCDD5B3D-1EB7-42E8-A3CE-6CA04902245B}
		{7AE88964-087D-4830-AC17-B81D64F6F6E9} = {3E2F368E-0027-4CDF-95FF-5DEB9ED3C829}
		{9D595C93-C13A-47C1-81A6-D6A01B25340B} = {40E0767F-529F-423D-A1E7-A5B2683D1CB1}
		{5F75D651-B1B5-4CB1-BCFE-9867170564AC} = {9D595C93-C13A-47C1-81A6-D6A01B25340B}
		{0C5D3D84-0A52-45BA-91B0-177F2C5B7052} = {5F75D651-B1B5-4CB1-BCFE-9867170564AC}
		{BA72731C-E068-41B5-B64E-BB157FA383CC} = {40E0767F-529F-423D-A1E7-A5B2683D1CB1}
		{2C4ECF55-4922-4447-A30C-7D615C08576B} = {BA72731C-E068-41B5-B64E-BB157FA383CC}
		{89A92438-ADE7-4407-83CB-3C1FD3EBFC22} = {2C4ECF55-4922-4447-A30C-7D615C08576B}
		{39EED87F-309A-40FC-8978-E891346089E8} = {40E0767F-529F-423D-A1E7-A5B2683D1CB1}
		{33FD46A1-049B-4AEB-A75B-26AECD2479F3} = {39EED87F-309A-40FC-8978-E891346089E8}
		{0C5001A7-295E-430C-991F-260CFB63F993} = {33FD46A1-049B-4AEB-A75B-26AECD2479F3}
		{C2FFC757-A128-4B35-9E11-DFA808A8764C} = {40E0767F-529F-423D-A1E7-A5B2683D1CB1}
		{1DA3CCDD-DE40-48F0-B4D6-16165ABA8DE0} = {C2FFC757-A128-4B35-9E11-DFA808A8764C}
		{56EB75C1-140E-4940-A988-0DCD30271DD8} = {1DA3CCDD-DE40-48F0-B4D6-16165ABA8DE0}
	EndGlobalSection
	GlobalSection(ExtensibilityGlobals) = postSolution
		SolutionGuid = {073F7AFD-9E7F-41F7-B55D-BF4314C80445}
	EndGlobalSection
EndGlobal
